<?xml version="1.0" encoding="utf-8"?>
<Project ToolsVersion="4.0" xmlns="http://schemas.microsoft.com/developer/msbuild/2003">
  <ItemGroup>
    <ClCompile Include="ClearErrorDlg.cpp">
      <Filter>源文件</Filter>
    </ClCompile>
    <ClCompile Include="CombinationFuncDlg.cpp">
      <Filter>源文件</Filter>
    </ClCompile>
    <ClCompile Include="ControlLaserDlg.cpp">
      <Filter>源文件</Filter>
    </ClCompile>
    <ClCompile Include="DataExport.cpp">
      <Filter>源文件</Filter>
    </ClCompile>
    <ClCompile Include="DepthProgramSelectDlg.cpp">
      <Filter>源文件</Filter>
    </ClCompile>
    <ClCompile Include="GetBatchProfileDlg.cpp">
      <Filter>源文件</Filter>
    </ClCompile>
    <ClCompile Include="DeviceData.cpp">
      <Filter>源文件</Filter>
    </ClCompile>
    <ClCompile Include="GetErrorDlg.cpp">
      <Filter>源文件</Filter>
    </ClCompile>
    <ClCompile Include="GetProfileDlg.cpp">
      <Filter>源文件</Filter>
    </ClCompile>
    <ClCompile Include="HighSpeedEthernetInitializeDlg.cpp">
      <Filter>源文件</Filter>
    </ClCompile>
    <ClCompile Include="LJX_DllSampleAllDlg.cpp">
      <Filter>源文件</Filter>
    </ClCompile>
    <ClCompile Include="OpenEthernetDlg.cpp">
      <Filter>源文件</Filter>
    </ClCompile>
    <ClCompile Include="PreStartHighSpeedDlg.cpp">
      <Filter>源文件</Filter>
    </ClCompile>
    <ClCompile Include="ProfileSimpleArrayStore.cpp">
      <Filter>源文件</Filter>
    </ClCompile>
    <ClCompile Include="ProgressDlg.cpp">
      <Filter>源文件</Filter>
    </ClCompile>
    <ClCompile Include="SettingDlg.cpp">
      <Filter>源文件</Filter>
    </ClCompile>
    <ClCompile Include="SingleFuncDlg.cpp">
      <Filter>源文件</Filter>
    </ClCompile>
    <ClCompile Include="stdafx.cpp">
      <Filter>源文件</Filter>
    </ClCompile>
    <ClCompile Include="ThreadSafeBuffer.cpp">
      <Filter>源文件</Filter>
    </ClCompile>
    <ClCompile Include="LJX_DllSampleAll.cpp">
      <Filter>源文件</Filter>
    </ClCompile>
  </ItemGroup>
  <ItemGroup>
    <ClInclude Include="ClearErrorDlg.h">
      <Filter>头文件</Filter>
    </ClInclude>
    <ClInclude Include="CombinationFuncDlg.h">
      <Filter>头文件</Filter>
    </ClInclude>
    <ClInclude Include="ControlLaserDlg.h">
      <Filter>头文件</Filter>
    </ClInclude>
    <ClInclude Include="DataExport.h">
      <Filter>头文件</Filter>
    </ClInclude>
    <ClInclude Include="Define.h">
      <Filter>头文件</Filter>
    </ClInclude>
    <ClInclude Include="DepthProgramSelectDlg.h">
      <Filter>头文件</Filter>
    </ClInclude>
    <ClInclude Include="DeviceData.h">
      <Filter>头文件</Filter>
    </ClInclude>
    <ClInclude Include="GetBatchProfileDlg.h">
      <Filter>头文件</Filter>
    </ClInclude>
    <ClInclude Include="GetErrorDlg.h">
      <Filter>头文件</Filter>
    </ClInclude>
    <ClInclude Include="GetProfileDlg.h">
      <Filter>头文件</Filter>
    </ClInclude>
    <ClInclude Include="LJX_DllSampleAll.h">
      <Filter>头文件</Filter>
    </ClInclude>
    <ClInclude Include="targetver.h">
      <Filter>头文件</Filter>
    </ClInclude>
    <ClInclude Include="ThreadSafeBuffer.h">
      <Filter>头文件</Filter>
    </ClInclude>
    <ClInclude Include="stdafx.h">
      <Filter>头文件</Filter>
    </ClInclude>
    <ClInclude Include="SettingDlg.h">
      <Filter>头文件</Filter>
    </ClInclude>
    <ClInclude Include="Resource.h">
      <Filter>头文件</Filter>
    </ClInclude>
    <ClInclude Include="ProgressDlg.h">
      <Filter>头文件</Filter>
    </ClInclude>
    <ClInclude Include="PreStartHighSpeedDlg.h">
      <Filter>头文件</Filter>
    </ClInclude>
    <ClInclude Include="ProfileSimpleArrayStore.h">
      <Filter>头文件</Filter>
    </ClInclude>
    <ClInclude Include="OpenEthernetDlg.h">
      <Filter>头文件</Filter>
    </ClInclude>
    <ClInclude Include="LJX_DllSampleAllDlg.h">
      <Filter>头文件</Filter>
    </ClInclude>
    <ClInclude Include="HighSpeedEthernetInitializeDlg.h">
      <Filter>头文件</Filter>
    </ClInclude>
    <ClInclude Include="SingleFuncDlg.h">
      <Filter>头文件</Filter>
    </ClInclude>
  </ItemGroup>
  <ItemGroup>
    <Filter Include="头文件">
      <UniqueIdentifier>{956a767b-b3e2-42b7-a6b1-3659a062608b}</UniqueIdentifier>
    </Filter>
    <Filter Include="源文件">
      <UniqueIdentifier>{fedbd6c1-d652-4996-8f62-0b5bad06b6f4}</UniqueIdentifier>
    </Filter>
    <Filter Include="资源文件">
      <UniqueIdentifier>{4bb44be1-9d9a-4afa-985f-ded94b010d74}</UniqueIdentifier>
    </Filter>
  </ItemGroup>
  <ItemGroup>
    <Image Include="res\LJX_DllSampleAll.ico">
      <Filter>资源文件</Filter>
    </Image>
  </ItemGroup>
  <ItemGroup>
    <ResourceCompile Include="LJX_DllSampleAll.rc">
      <Filter>资源文件</Filter>
    </ResourceCompile>
  </ItemGroup>
  <ItemGroup>
    <None Include="res\LJX_DllSampleAll.rc2">
      <Filter>资源文件</Filter>
    </None>
  </ItemGroup>
</Project>